
Microsoft Visual Studio Solution File, Format Version 12.00
# Visual Studio Version 17
VisualStudioVersion = 17.1.32421.90
MinimumVisualStudioVersion = 10.0.40219.1
Project("{9A19103F-16F7-4668-BE54-9A1E7A4F7556}") = "NotinoDotNetHW", "NotinoDotNetHW\NotinoDotNetHW.csproj", "{14F5BAC5-89C2-4C1D-8B86-834F04EB85D4}"
EndProject
Project("{FAE04EC0-301F-11D3-BF4B-00C04F79EFBC}") = "NotinoDotNetHW.Tests", "NotinoDotNetHW.Tests\NotinoDotNetHW.Tests.csproj", "{7F06DEDA-EF76-43FE-9EAB-9C204AE9DDEE}"
EndProject
Global
	GlobalSection(SolutionConfigurationPlatforms) = preSolution
		Debug|Any CPU = Debug|Any CPU
		Release|Any CPU = Release|Any CPU
	EndGlobalSection
	GlobalSection(ProjectConfigurationPlatforms) = postSolution
		{14F5BAC5-89C2-4C1D-8B86-834F04EB85D4}.Debug|Any CPU.ActiveCfg = Debug|Any CPU
		{14F5BAC5-89C2-4C1D-8B86-834F04EB85D4}.Debug|Any CPU.Build.0 = Debug|Any CPU
		{14F5BAC5-89C2-4C1D-8B86-834F04EB85D4}.Release|Any CPU.ActiveCfg = Release|Any CPU
		{14F5BAC5-89C2-4C1D-8B86-834F04EB85D4}.Release|Any CPU.Build.0 = Release|Any CPU
		{7F06DEDA-EF76-43FE-9EAB-9C204AE9DDEE}.Debug|Any CPU.ActiveCfg = Debug|Any CPU
		{7F06DEDA-EF76-43FE-9EAB-9C204AE9DDEE}.Debug|Any CPU.Build.0 = Debug|Any CPU
		{7F06DEDA-EF76-43FE-9EAB-9C204AE9DDEE}.Release|Any CPU.ActiveCfg = Release|Any CPU
		{7F06DEDA-EF76-43FE-9EAB-9C204AE9DDEE}.Release|Any CPU.Build.0 = Release|Any CPU
	EndGlobalSection
	GlobalSection(SolutionProperties) = preSolution
		HideSolutionNode = FALSE
	EndGlobalSection
	GlobalSection(ExtensibilityGlobals) = postSolution
		SolutionGuid = {EC298408-EFFB-4083-9DDD-D5264195A9C1}
	EndGlobalSection
EndGlobal
